// !$*UTF8*$!
{
	archiveVersion = 1;
	classes = {
	};
	objectVersion = 77;
	objects = {

/* Begin PBXContainerItemProxy section */
		FAFEB9AF2EF29B10000BB88A /* PBXContainerItemProxy */ = {
			isa = PBXContainerItemProxy;
			containerPortal = FAFEB9962EF29B0F000BB88A /* Project object */;
			proxyType = 1;
			remoteGlobalIDString = FAFEB99D2EF29B0F000BB88A;
			remoteInfo = "Etara Challenge";
		};
		FAFEB9B92EF29B10000BB88A /* PBXContainerItemProxy */ = {
			isa = PBXContainerItemProxy;
			containerPortal = FAFEB9962EF29B0F000BB88A /* Project object */;
			proxyType = 1;
			remoteGlobalIDString = FAFEB99D2EF29B0F000BB88A;
			remoteInfo = "Etara Challenge";
		};
/* End PBXContainerItemProxy section */

/* Begin PBXFileReference section */
		FAFEB99E2EF29B0F000BB88A /* Etara Challenge.app */ = {isa = PBXFileReference; explicitFileType = wrapper.application; includeInIndex = 0; path = "Etara Challenge.app"; sourceTree = BUILT_PRODUCTS_DIR; };
		FAFEB9AE2EF29B10000BB88A /* Etara ChallengeTests.xctest */ = {isa = PBXFileReference; explicitFileType = wrapper.cfbundle; includeInIndex = 0; path = "Etara ChallengeTests.xctest"; sourceTree = BUILT_PRODUCTS_DIR; };
		FAFEB9B82EF29B10000BB88A /* Etara ChallengeUITests.xctest */ = {isa = PBXFileReference; explicitFileType = wrapper.cfbundle; includeInIndex = 0; path = "Etara ChallengeUITests.xctest"; sourceTree = BUILT_PRODUCTS_DIR; };
/* End PBXFileReference section */

/* Begin PBXFileSystemSynchronizedRootGroup section */
		FAFEB9A02EF29B0F000BB88A /* Etara Challenge */ = {
			isa = PBXFileSystemSynchronizedRootGroup;
			path = "Etara Challenge";
			sourceTree = "<group>";
		};
		FAFEB9B12EF29B10000BB88A /* Etara ChallengeTests */ = {
			isa = PBXFileSystemSynchronizedRootGroup;
			path = "Etara ChallengeTests";
			sourceTree = "<group>";
		};
		FAFEB9BB2EF29B10000BB88A /* Etara ChallengeUITests */ = {
			isa = PBXFileSystemSynchronizedRootGroup;
			path = "Etara ChallengeUITests";
			sourceTree = "<group>";
		};
/* End PBXFileSystemSynchronizedRootGroup section */

/* Begin PBXFrameworksBuildPhase section */
		FAFEB99B2EF29B0F000BB88A /* Frameworks */ = {
			isa = PBXFrameworksBuildPhase;
			buildActionMask = 2147483647;
			files = (
			);
			runOnlyForDeploymentPostprocessing = 0;
		};
		FAFEB9AB2EF29B10000BB88A /* Frameworks */ = {
			isa = PBXFrameworksBuildPhase;
			buildActionMask = 2147483647;
			files = (
			);
			runOnlyForDeploymentPostprocessing = 0;
		};
		FAFEB9B52EF29B10000BB88A /* Frameworks */ = {
			isa = PBXFrameworksBuildPhase;
			buildActionMask = 2147483647;
			files = (
			);
			runOnlyForDeploymentPostprocessing = 0;
		};
/* End PBXFrameworksBuildPhase section */

/* Begin PBXGroup section */
		FAFEB9952EF29B0F000BB88A = {
			isa = PBXGroup;
			children = (
				FAFEB9A02EF29B0F000BB88A /* Etara Challenge */,
				FAFEB9B12EF29B10000BB88A /* Etara ChallengeTests */,
				FAFEB9BB2EF29B10000BB88A /* Etara ChallengeUITests */,
				FAFEB99F2EF29B0F000BB88A /* Products */,
			);
			sourceTree = "<group>";
		};
		FAFEB99F2EF29B0F000BB88A /* Products */ = {
			isa = PBXGroup;
			children = (
				FAFEB99E2EF29B0F000BB88A /* Etara Challenge.app */,
				FAFEB9AE2EF29B10000BB88A /* Etara ChallengeTests.xctest */,
				FAFEB9B82EF29B10000BB88A /* Etara ChallengeUITests.xctest */,
			);
			name = Products;
			sourceTree = "<group>";
		};
/* End PBXGroup section */

/* Begin PBXNativeTarget section */
		FAFEB99D2EF29B0F000BB88A /* Etara Challenge */ = {
			isa = PBXNativeTarget;
			buildConfigurationList = FAFEB9C22EF29B10000BB88A /* Build configuration list for PBXNativeTarget "Etara Challenge" */;
			buildPhases = (
				FAFEB99A2EF29B0F000BB88A /* Sources */,
				FAFEB99B2EF29B0F000BB88A /* Frameworks */,
				FAFEB99C2EF29B0F000BB88A /* Resources */,
			);
			buildRules = (
			);
			dependencies = (
			);
			fileSystemSynchronizedGroups = (
				FAFEB9A02EF29B0F000BB88A /* Etara Challenge */,
			);
			name = "Etara Challenge";
			packageProductDependencies = (
			);
			productName = "Etara Challenge";
			productReference = FAFEB99E2EF29B0F000BB88A /* Etara Challenge.app */;
			productType = "com.apple.product-type.application";
		};
		FAFEB9AD2EF29B10000BB88A /* Etara ChallengeTests */ = {
			isa = PBXNativeTarget;
			buildConfigurationList = FAFEB9C52EF29B10000BB88A /* Build configuration list for PBXNativeTarget "Etara ChallengeTests" */;
			buildPhases = (
				FAFEB9AA2EF29B10000BB88A /* Sources */,
				FAFEB9AB2EF29B10000BB88A /* Frameworks */,
				FAFEB9AC2EF29B10000BB88A /* Resources */,
			);
			buildRules = (
			);
			dependencies = (
				FAFEB9B02EF29B10000BB88A /* PBXTargetDependency */,
			);
			fileSystemSynchronizedGroups = (
				FAFEB9B12EF29B10000BB88A /* Etara ChallengeTests */,
			);
			name = "Etara ChallengeTests";
			packageProductDependencies = (
			);
			productName = "Etara ChallengeTests";
			productReference = FAFEB9AE2EF29B10000BB88A /* Etara ChallengeTests.xctest */;
			productType = "com.apple.product-type.bundle.unit-test";
		};
		FAFEB9B72EF29B10000BB88A /* Etara ChallengeUITests */ = {
			isa = PBXNativeTarget;
			buildConfigurationList = FAFEB9C82EF29B10000BB88A /* Build configuration list for PBXNativeTarget "Etara ChallengeUITests" */;
			buildPhases = (
				FAFEB9B42EF29B10000BB88A /* Sources */,
				FAFEB9B52EF29B10000BB88A /* Frameworks */,
				FAFEB9B62EF29B10000BB88A /* Resources */,
			);
			buildRules = (
			);
			dependencies = (
				FAFEB9BA2EF29B10000BB88A /* PBXTargetDependency */,
			);
			fileSystemSynchronizedGroups = (
				FAFEB9BB2EF29B10000BB88A /* Etara ChallengeUITests */,
			);
			name = "Etara ChallengeUITests";
			packageProductDependencies = (
			);
			productName = "Etara ChallengeUITests";
			productReference = FAFEB9B82EF29B10000BB88A /* Etara ChallengeUITests.xctest */;
			productType = "com.apple.product-type.bundle.ui-testing";
		};
/* End PBXNativeTarget section */

/* Begin PBXProject section */
		FAFEB9962EF29B0F000BB88A /* Project object */ = {
			isa = PBXProject;
			attributes = {
				BuildIndependentTargetsInParallel = 1;
				LastSwiftUpdateCheck = 1620;
				LastUpgradeCheck = 1620;
				TargetAttributes = {
					FAFEB99D2EF29B0F000BB88A = {
						CreatedOnToolsVersion = 16.2;
					};
					FAFEB9AD2EF29B10000BB88A = {
						CreatedOnToolsVersion = 16.2;
						TestTargetID = FAFEB99D2EF29B0F000BB88A;
					};
					FAFEB9B72EF29B10000BB88A = {
						CreatedOnToolsVersion = 16.2;
						TestTargetID = FAFEB99D2EF29B0F000BB88A;
					};
				};
			};
			buildConfigurationList = FAFEB9992EF29B0F000BB88A /* Build configuration list for PBXProject "Etara Challenge" */;
			developmentRegion = en;
			hasScannedForEncodings = 0;
			knownRegions = (
				en,
				Base,
			);
			mainGroup = FAFEB9952EF29B0F000BB88A;
			minimizedProjectReferenceProxies = 1;
			preferredProjectObjectVersion = 77;
			productRefGroup = FAFEB99F2EF29B0F000BB88A /* Products */;
			projectDirPath = "";
			projectRoot = "";
			targets = (
				FAFEB99D2EF29B0F000BB88A /* Etara Challenge */,
				FAFEB9AD2EF29B10000BB88A /* Etara ChallengeTests */,
				FAFEB9B72EF29B10000BB88A /* Etara ChallengeUITests */,
			);
		};
/* End PBXProject section */

/* Begin PBXResourcesBuildPhase section */
		FAFEB99C2EF29B0F000BB88A /* Resources */ = {
			isa = PBXResourcesBuildPhase;
			buildActionMask = 2147483647;
			files = (
			);
			runOnlyForDeploymentPostprocessing = 0;
		};
		FAFEB9AC2EF29B10000BB88A /* Resources */ = {
			isa = PBXResourcesBuildPhase;
			buildActionMask = 2147483647;
			files = (
			);
			runOnlyForDeploymentPostprocessing = 0;
		};
		FAFEB9B62EF29B10000BB88A /* Resources */ = {
			isa = PBXResourcesBuildPhase;
			buildActionMask = 2147483647;
			files = (
			);
			runOnlyForDeploymentPostprocessing = 0;
		};
/* End PBXResourcesBuildPhase section */

/* Begin PBXSourcesBuildPhase section */
		FAFEB99A2EF29B0F000BB88A /* Sources */ = {
			isa = PBXSourcesBuildPhase;
			buildActionMask = 2147483647;
			files = (
			);
			runOnlyForDeploymentPostprocessing = 0;
		};
		FAFEB9AA2EF29B10000BB88A /* Sources */ = {
			isa = PBXSourcesBuildPhase;
			buildActionMask = 2147483647;
			files = (
			);
			runOnlyForDeploymentPostprocessing = 0;
		};
		FAFEB9B42EF29B10000BB88A /* Sources */ = {
			isa = PBXSourcesBuildPhase;
			buildActionMask = 2147483647;
			files = (
			);
			runOnlyForDeploymentPostprocessing = 0;
		};
/* End PBXSourcesBuildPhase section */

/* Begin PBXTargetDependency section */
		FAFEB9B02EF29B10000BB88A /* PBXTargetDependency */ = {
			isa = PBXTargetDependency;
			target = FAFEB99D2EF29B0F000BB88A /* Etara Challenge */;
			targetProxy = FAFEB9AF2EF29B10000BB88A /* PBXContainerItemProxy */;
		};
		FAFEB9BA2EF29B10000BB88A /* PBXTargetDependency */ = {
			isa = PBXTargetDependency;
			target = FAFEB99D2EF29B0F000BB88A /* Etara Challenge */;
			targetProxy = FAFEB9B92EF29B10000BB88A /* PBXContainerItemProxy */;
		};
/* End PBXTargetDependency section */

/* Begin XCBuildConfiguration section */
		FAFEB9C02EF29B10000BB88A /* Debug */ = {
			isa = XCBuildConfiguration;
			buildSettings = {
				ALWAYS_SEARCH_USER_PATHS = NO;
				ASSETCATALOG_COMPILER_GENERATE_SWIFT_ASSET_SYMBOL_EXTENSIONS = YES;
				CLANG_ANALYZER_NONNULL = YES;
				CLANG_ANALYZER_NUMBER_OBJECT_CONVERSION = YES_AGGRESSIVE;
				CLANG_CXX_LANGUAGE_STANDARD = "gnu++20";
				CLANG_ENABLE_MODULES = YES;
				CLANG_ENABLE_OBJC_ARC = YES;
				CLANG_ENABLE_OBJC_WEAK = YES;
				CLANG_WARN_BLOCK_CAPTURE_AUTORELEASING = YES;
				CLANG_WARN_BOOL_CONVERSION = YES;
				CLANG_WARN_COMMA = YES;
				CLANG_WARN_CONSTANT_CONVERSION = YES;
				CLANG_WARN_DEPRECATED_OBJC_IMPLEMENTATIONS = YES;
				CLANG_WARN_DIRECT_OBJC_ISA_USAGE = YES_ERROR;
				CLANG_WARN_DOCUMENTATION_COMMENTS = YES;
				CLANG_WARN_EMPTY_BODY = YES;
				CLANG_WARN_ENUM_CONVERSION = YES;
				CLANG_WARN_INFINITE_RECURSION = YES;
				CLANG_WARN_INT_CONVERSION = YES;
				CLANG_WARN_NON_LITERAL_NULL_CONVERSION = YES;
				CLANG_WARN_OBJC_IMPLICIT_RETAIN_SELF = YES;
				CLANG_WARN_OBJC_LITERAL_CONVERSION = YES;
				CLANG_WARN_OBJC_ROOT_CLASS = YES_ERROR;
				CLANG_WARN_QUOTED_INCLUDE_IN_FRAMEWORK_HEADER = YES;
				CLANG_WARN_RANGE_LOOP_ANALYSIS = YES;
				CLANG_WARN_STRICT_PROTOTYPES = YES;
				CLANG_WARN_SUSPICIOUS_MOVE = YES;
				CLANG_WARN_UNGUARDED_AVAILABILITY = YES_AGGRESSIVE;
				CLANG_WARN_UNREACHABLE_CODE = YES;
				CLANG_WARN__DUPLICATE_METHOD_MATCH = YES;
				COPY_PHASE_STRIP = NO;
				DEBUG_INFORMATION_FORMAT = dwarf;
				ENABLE_STRICT_OBJC_MSGSEND = YES;
				ENABLE_TESTABILITY = YES;
				ENABLE_USER_SCRIPT_SANDBOXING = YES;
				GCC_C_LANGUAGE_STANDARD = gnu17;
				GCC_DYNAMIC_NO_PIC = NO;
				GCC_NO_COMMON_BLOCKS = YES;
				GCC_OPTIMIZATION_LEVEL = 0;
				GCC_PREPROCESSOR_DEFINITIONS = (
					"DEBUG=1",
					"$(inherited)",
				);
				GCC_WARN_64_TO_32_BIT_CONVERSION = YES;
				GCC_WARN_ABOUT_RETURN_TYPE = YES_ERROR;
				GCC_WARN_UNDECLARED_SELECTOR = YES;
				GCC_WARN_UNINITIALIZED_AUTOS = YES_AGGRESSIVE;
				GCC_WARN_UNUSED_FUNCTION = YES;
				GCC_WARN_UNUSED_VARIABLE = YES;
				IPHONEOS_DEPLOYMENT_TARGET = 18.2;
				LOCALIZATION_PREFERS_STRING_CATALOGS = YES;
				MTL_ENABLE_DEBUG_INFO = INCLUDE_SOURCE;
				MTL_FAST_MATH = YES;
				ONLY_ACTIVE_ARCH = YES;
				SDKROOT = iphoneos;
				SWIFT_ACTIVE_COMPILATION_CONDITIONS = "DEBUG $(inherited)";
				SWIFT_OPTIMIZATION_LEVEL = "-Onone";
			};
			name = Debug;
		};
		FAFEB9C12EF29B10000BB88A /* Release */ = {
			isa = XCBuildConfiguration;
			buildSettings = {
				ALWAYS_SEARCH_USER_PATHS = NO;
				ASSETCATALOG_COMPILER_GENERATE_SWIFT_ASSET_SYMBOL_EXTENSIONS = YES;
				CLANG_ANALYZER_NONNULL = YES;
				CLANG_ANALYZER_NUMBER_OBJECT_CONVERSION = YES_AGGRESSIVE;
				CLANG_CXX_LANGUAGE_STANDARD = "gnu++20";
				CLANG_ENABLE_MODULES = YES;
				CLANG_ENABLE_OBJC_ARC = YES;
				CLANG_ENABLE_OBJC_WEAK = YES;
				CLANG_WARN_BLOCK_CAPTURE_AUTORELEASING = YES;
				CLANG_WARN_BOOL_CONVERSION = YES;
				CLANG_WARN_COMMA = YES;
				CLANG_WARN_CONSTANT_CONVERSION = YES;
				CLANG_WARN_DEPRECATED_OBJC_IMPLEMENTATIONS = YES;
				CLANG_WARN_DIRECT_OBJC_ISA_USAGE = YES_ERROR;
				CLANG_WARN_DOCUMENTATION_COMMENTS = YES;
				CLANG_WARN_EMPTY_BODY = YES;
				CLANG_WARN_ENUM_CONVERSION = YES;
				CLANG_WARN_INFINITE_RECURSION = YES;
				CLANG_WARN_INT_CONVERSION = YES;
				CLANG_WARN_NON_LITERAL_NULL_CONVERSION = YES;
				CLANG_WARN_OBJC_IMPLICIT_RETAIN_SELF = YES;
				CLANG_WARN_OBJC_LITERAL_CONVERSION = YES;
				CLANG_WARN_OBJC_ROOT_CLASS = YES_ERROR;
				CLANG_WARN_QUOTED_INCLUDE_IN_FRAMEWORK_HEADER = YES;
				CLANG_WARN_RANGE_LOOP_ANALYSIS = YES;
				CLANG_WARN_STRICT_PROTOTYPES = YES;
				CLANG_WARN_SUSPICIOUS_MOVE = YES;
				CLANG_WARN_UNGUARDED_AVAILABILITY = YES_AGGRESSIVE;
				CLANG_WARN_UNREACHABLE_CODE = YES;
				CLANG_WARN__DUPLICATE_METHOD_MATCH = YES;
				COPY_PHASE_STRIP = NO;
				DEBUG_INFORMATION_FORMAT = "dwarf-with-dsym";
				ENABLE_NS_ASSERTIONS = NO;
				ENABLE_STRICT_OBJC_MSGSEND = YES;
				ENABLE_USER_SCRIPT_SANDBOXING = YES;
				GCC_C_LANGUAGE_STANDARD = gnu17;
				GCC_NO_COMMON_BLOCKS = YES;
				GCC_WARN_64_TO_32_BIT_CONVERSION = YES;
				GCC_WARN_ABOUT_RETURN_TYPE = YES_ERROR;
				GCC_WARN_UNDECLARED_SELECTOR = YES;
				GCC_WARN_UNINITIALIZED_AUTOS = YES_AGGRESSIVE;
				GCC_WARN_UNUSED_FUNCTION = YES;
				GCC_WARN_UNUSED_VARIABLE = YES;
				IPHONEOS_DEPLOYMENT_TARGET = 18.2;
				LOCALIZATION_PREFERS_STRING_CATALOGS = YES;
				MTL_ENABLE_DEBUG_INFO = NO;
				MTL_FAST_MATH = YES;
				SDKROOT = iphoneos;
				SWIFT_COMPILATION_MODE = wholemodule;
				VALIDATE_PRODUCT = YES;
			};
			name = Release;
		};
		FAFEB9C32EF29B10000BB88A /* Debug */ = {
			isa = XCBuildConfiguration;
			buildSettings = {
				ASSETCATALOG_COMPILER_APPICON_NAME = AppIcon;
				ASSETCATALOG_COMPILER_GLOBAL_ACCENT_COLOR_NAME = AccentColor;
				CODE_SIGN_STYLE = Automatic;
				CURRENT_PROJECT_VERSION = 1;
				DEVELOPMENT_ASSET_PATHS = "\"Etara Challenge/Preview Content\"";
				DEVELOPMENT_TEAM = 4394732F6R;
				ENABLE_PREVIEWS = YES;
				GENERATE_INFOPLIST_FILE = YES;
				INFOPLIST_KEY_UIApplicationSceneManifest_Generation = YES;
				INFOPLIST_KEY_UIApplicationSupportsIndirectInputEvents = YES;
				INFOPLIST_KEY_UILaunchScreen_Generation = YES;
				INFOPLIST_KEY_UISupportedInterfaceOrientations_iPad = "UIInterfaceOrientationPortrait UIInterfaceOrientationPortraitUpsideDown UIInterfaceOrientationLandscapeLeft UIInterfaceOrientationLandscapeRight";
				INFOPLIST_KEY_UISupportedInterfaceOrientations_iPhone = "UIInterfaceOrientationPortrait UIInterfaceOrientationLandscapeLeft UIInterfaceOrientationLandscapeRight";
				LD_RUNPATH_SEARCH_PATHS = (
					"$(inherited)",
					"@executable_path/Frameworks",
				);
				MARKETING_VERSION = 1.0;
				PRODUCT_BUNDLE_IDENTIFIER = "com.Etara-Challenge";
				PRODUCT_NAME = "$(TARGET_NAME)";
				SWIFT_EMIT_LOC_STRINGS = YES;
				SWIFT_VERSION = 5.0;
				TARGETED_DEVICE_FAMILY = "1,2";
			};
			name = Debug;
		};
		FAFEB9C42EF29B10000BB88A /* Release */ = {
			isa = XCBuildConfiguration;
			buildSettings = {
				ASSETCATALOG_COMPILER_APPICON_NAME = AppIcon;
				ASSETCATALOG_COMPILER_GLOBAL_ACCENT_COLOR_NAME = AccentColor;
				CODE_SIGN_STYLE = Automatic;
				CURRENT_PROJECT_VERSION = 1;
				DEVELOPMENT_ASSET_PATHS = "\"Etara Challenge/Preview Content\"";
				DEVELOPMENT_TEAM = 4394732F6R;
				ENABLE_PREVIEWS = YES;
				GENERATE_INFOPLIST_FILE = YES;
				INFOPLIST_KEY_UIApplicationSceneManifest_Generation = YES;
				INFOPLIST_KEY_UIApplicationSupportsIndirectInputEvents = YES;
				INFOPLIST_KEY_UILaunchScreen_Generation = YES;
				INFOPLIST_KEY_UISupportedInterfaceOrientations_iPad = "UIInterfaceOrientationPortrait UIInterfaceOrientationPortraitUpsideDown UIInterfaceOrientationLandscapeLeft UIInterfaceOrientationLandscapeRight";
				INFOPLIST_KEY_UISupportedInterfaceOrientations_iPhone = "UIInterfaceOrientationPortrait UIInterfaceOrientationLandscapeLeft UIInterfaceOrientationLandscapeRight";
				LD_RUNPATH_SEARCH_PATHS = (
					"$(inherited)",
					"@executable_path/Frameworks",
				);
				MARKETING_VERSION = 1.0;
				PRODUCT_BUNDLE_IDENTIFIER = "com.Etara-Challenge";
				PRODUCT_NAME = "$(TARGET_NAME)";
				SWIFT_EMIT_LOC_STRINGS = YES;
				SWIFT_VERSION = 5.0;
				TARGETED_DEVICE_FAMILY = "1,2";
			};
			name = Release;
		};
		FAFEB9C62EF29B10000BB88A /* Debug */ = {
			isa = XCBuildConfiguration;
			buildSettings = {
				BUNDLE_LOADER = "$(TEST_HOST)";
				CODE_SIGN_STYLE = Automatic;
				CURRENT_PROJECT_VERSION = 1;
				DEVELOPMENT_TEAM = 4394732F6R;
				GENERATE_INFOPLIST_FILE = YES;
				IPHONEOS_DEPLOYMENT_TARGET = 18.2;
				MARKETING_VERSION = 1.0;
				PRODUCT_BUNDLE_IDENTIFIER = "com.Etara-ChallengeTests";
				PRODUCT_NAME = "$(TARGET_NAME)";
				SWIFT_EMIT_LOC_STRINGS = NO;
				SWIFT_VERSION = 5.0;
				TARGETED_DEVICE_FAMILY = "1,2";
				TEST_HOST = "$(BUILT_PRODUCTS_DIR)/Etara Challenge.app/$(BUNDLE_EXECUTABLE_FOLDER_PATH)/Etara Challenge";
			};
			name = Debug;
		};
		FAFEB9C72EF29B10000BB88A /* Release */ = {
			isa = XCBuildConfiguration;
			buildSettings = {
				BUNDLE_LOADER = "$(TEST_HOST)";
				CODE_SIGN_STYLE = Automatic;
				CURRENT_PROJECT_VERSION = 1;
				DEVELOPMENT_TEAM = 4394732F6R;
				GENERATE_INFOPLIST_FILE = YES;
				IPHONEOS_DEPLOYMENT_TARGET = 18.2;
				MARKETING_VERSION = 1.0;
				PRODUCT_BUNDLE_IDENTIFIER = "com.Etara-ChallengeTests";
				PRODUCT_NAME = "$(TARGET_NAME)";
				SWIFT_EMIT_LOC_STRINGS = NO;
				SWIFT_VERSION = 5.0;
				TARGETED_DEVICE_FAMILY = "1,2";
				TEST_HOST = "$(BUILT_PRODUCTS_DIR)/Etara Challenge.app/$(BUNDLE_EXECUTABLE_FOLDER_PATH)/Etara Challenge";
			};
			name = Release;
		};
		FAFEB9C92EF29B10000BB88A /* Debug */ = {
			isa = XCBuildConfiguration;
			buildSettings = {
				CODE_SIGN_STYLE = Automatic;
				CURRENT_PROJECT_VERSION = 1;
				DEVELOPMENT_TEAM = 4394732F6R;
				GENERATE_INFOPLIST_FILE = YES;
				MARKETING_VERSION = 1.0;
				PRODUCT_BUNDLE_IDENTIFIER = "com.Etara-ChallengeUITests";
				PRODUCT_NAME = "$(TARGET_NAME)";
				SWIFT_EMIT_LOC_STRINGS = NO;
				SWIFT_VERSION = 5.0;
				TARGETED_DEVICE_FAMILY = "1,2";
				TEST_TARGET_NAME = "Etara Challenge";
			};
			name = Debug;
		};
		FAFEB9CA2EF29B10000BB88A /* Release */ = {
			isa = XCBuildConfiguration;
			buildSettings = {
				CODE_SIGN_STYLE = Automatic;
				CURRENT_PROJECT_VERSION = 1;
				DEVELOPMENT_TEAM = 4394732F6R;
				GENERATE_INFOPLIST_FILE = YES;
				MARKETING_VERSION = 1.0;
				PRODUCT_BUNDLE_IDENTIFIER = "com.Etara-ChallengeUITests";
				PRODUCT_NAME = "$(TARGET_NAME)";
				SWIFT_EMIT_LOC_STRINGS = NO;
				SWIFT_VERSION = 5.0;
				TARGETED_DEVICE_FAMILY = "1,2";
				TEST_TARGET_NAME = "Etara Challenge";
			};
			name = Release;
		};
/* End XCBuildConfiguration section */

/* Begin XCConfigurationList section */
		FAFEB9992EF29B0F000BB88A /* Build configuration list for PBXProject "Etara Challenge" */ = {
			isa = XCConfigurationList;
			buildConfigurations = (
				FAFEB9C02EF29B10000BB88A /* Debug */,
				FAFEB9C12EF29B10000BB88A /* Release */,
			);
			defaultConfigurationIsVisible = 0;
			defaultConfigurationName = Release;
		};
		FAFEB9C22EF29B10000BB88A /* Build configuration list for PBXNativeTarget "Etara Challenge" */ = {
			isa = XCConfigurationList;
			buildConfigurations = (
				FAFEB9C32EF29B10000BB88A /* Debug */,
				FAFEB9C42EF29B10000BB88A /* Release */,
			);
			defaultConfigurationIsVisible = 0;
			defaultConfigurationName = Release;
		};
		FAFEB9C52EF29B10000BB88A /* Build configuration list for PBXNativeTarget "Etara ChallengeTests" */ = {
			isa = XCConfigurationList;
			buildConfigurations = (
				FAFEB9C62EF29B10000BB88A /* Debug */,
				FAFEB9C72EF29B10000BB88A /* Release */,
			);
			defaultConfigurationIsVisible = 0;
			defaultConfigurationName = Release;
		};
		FAFEB9C82EF29B10000BB88A /* Build configuration list for PBXNativeTarget "Etara ChallengeUITests" */ = {
			isa = XCConfigurationList;
			buildConfigurations = (
				FAFEB9C92EF29B10000BB88A /* Debug */,
				FAFEB9CA2EF29B10000BB88A /* Release */,
			);
			defaultConfigurationIsVisible = 0;
			defaultConfigurationName = Release;
		};
/* End XCConfigurationList section */
	};
	rootObject = FAFEB9962EF29B0F000BB88A /* Project object */;
}
